
Microsoft Visual Studio Solution File, Format Version 12.00
# Visual Studio Version 16
VisualStudioVersion = 16.0.31624.102
MinimumVisualStudioVersion = 10.0.40219.1
Project("{FAE04EC0-301F-11D3-BF4B-00C04F79EFBC}") = "Wednesday_Personal", "Wednesday_Personal\Wednesday_Personal.csproj", "{F11F4726-36BD-405E-8BEC-32F552291323}"
EndProject
Global
	GlobalSection(SolutionConfigurationPlatforms) = preSolution
		Debug|Any CPU = Debug|Any CPU
		Release|Any CPU = Release|Any CPU
	EndGlobalSection
	GlobalSection(ProjectConfigurationPlatforms) = postSolution
		{F11F4726-36BD-405E-8BEC-32F552291323}.Debug|Any CPU.ActiveCfg = Debug|Any CPU
		{F11F4726-36BD-405E-8BEC-32F552291323}.Debug|Any CPU.Build.0 = Debug|Any CPU
		{F11F4726-36BD-405E-8BEC-32F552291323}.Release|Any CPU.ActiveCfg = Release|Any CPU
		{F11F4726-36BD-405E-8BEC-32F552291323}.Release|Any CPU.Build.0 = Release|Any CPU
	EndGlobalSection
	GlobalSection(SolutionProperties) = preSolution
		HideSolutionNode = FALSE
	EndGlobalSection
	GlobalSection(ExtensibilityGlobals) = postSolution
		SolutionGuid = {7C2D7E74-9314-4389-B8D5-030AAD7AA701}
	EndGlobalSection
EndGlobal
